
Microsoft Visual Studio Solution File, Format Version 12.00
# Visual Studio Version 16
VisualStudioVersion = 16.0.30717.126
MinimumVisualStudioVersion = 10.0.40219.1
Project("{9A19103F-16F7-4668-BE54-9A1E7A4F7556}") = "Day1", "Day1\Day1.csproj", "{E0EAA220-EA97-43AF-BD0A-3C1C4E4C29F7}"
EndProject
Project("{9A19103F-16F7-4668-BE54-9A1E7A4F7556}") = "Day2", "Day2\Day2.csproj", "{6543E4FB-E1B3-4441-9F77-69A1B02F1567}"
EndProject
Project("{9A19103F-16F7-4668-BE54-9A1E7A4F7556}") = "Day3", "Day3\Day3.csproj", "{8F90242C-CC5E-4C3A-B8EF-F03A56D38196}"
EndProject
Project("{9A19103F-16F7-4668-BE54-9A1E7A4F7556}") = "Day4", "Day4\Day4.csproj", "{7CD0610A-78FD-435C-B3EB-F1743E0AF5B4}"
EndProject
Project("{9A19103F-16F7-4668-BE54-9A1E7A4F7556}") = "Day5", "Day5\Day5.csproj", "{F45D2867-1085-4190-B071-77A773B4C7EE}"
EndProject
Project("{9A19103F-16F7-4668-BE54-9A1E7A4F7556}") = "Day6", "Day6\Day6.csproj", "{A835DD60-1EB5-4F62-9135-A009ADA26178}"
EndProject
Project("{9A19103F-16F7-4668-BE54-9A1E7A4F7556}") = "Day7", "Day7\Day7.csproj", "{86BACB84-CA6D-4240-BED2-0882EBBCFC52}"
EndProject
Project("{9A19103F-16F7-4668-BE54-9A1E7A4F7556}") = "Day8", "Day8\Day8.csproj", "{F33C6D93-7987-43DF-A688-35AF328ADC69}"
EndProject
Project("{9A19103F-16F7-4668-BE54-9A1E7A4F7556}") = "Day9", "Day9\Day9.csproj", "{8DFB09BB-7840-4CCE-A935-BF9ACE75F96D}"
EndProject
Project("{9A19103F-16F7-4668-BE54-9A1E7A4F7556}") = "Day10", "Day10\Day10.csproj", "{4ADF91CC-ACB3-46A3-867F-F7E5B4A6FE6F}"
EndProject
Project("{9A19103F-16F7-4668-BE54-9A1E7A4F7556}") = "Day11", "Day11\Day11.csproj", "{622515F2-D75A-49E3-8A2F-3E649B0B9B8D}"
EndProject
Project("{9A19103F-16F7-4668-BE54-9A1E7A4F7556}") = "Day12", "Day12\Day12.csproj", "{070BD461-DCCA-4C4E-8BB0-1BAD78A43F81}"
EndProject
Project("{FAE04EC0-301F-11D3-BF4B-00C04F79EFBC}") = "Day12Test", "UnitTestProject1\Day12Test.csproj", "{71F0FA91-9A24-4837-81B7-FCB5F41B3ABB}"
EndProject
Project("{FAE04EC0-301F-11D3-BF4B-00C04F79EFBC}") = "Day13", "Day13\Day13.csproj", "{EFD54BA0-07B4-4FF3-84C1-F93FCFB43841}"
EndProject
Global
	GlobalSection(SolutionConfigurationPlatforms) = preSolution
		Debug|Any CPU = Debug|Any CPU
		Release|Any CPU = Release|Any CPU
	EndGlobalSection
	GlobalSection(ProjectConfigurationPlatforms) = postSolution
		{E0EAA220-EA97-43AF-BD0A-3C1C4E4C29F7}.Debug|Any CPU.ActiveCfg = Debug|Any CPU
		{E0EAA220-EA97-43AF-BD0A-3C1C4E4C29F7}.Debug|Any CPU.Build.0 = Debug|Any CPU
		{E0EAA220-EA97-43AF-BD0A-3C1C4E4C29F7}.Release|Any CPU.ActiveCfg = Release|Any CPU
		{E0EAA220-EA97-43AF-BD0A-3C1C4E4C29F7}.Release|Any CPU.Build.0 = Release|Any CPU
		{6543E4FB-E1B3-4441-9F77-69A1B02F1567}.Debug|Any CPU.ActiveCfg = Debug|Any CPU
		{6543E4FB-E1B3-4441-9F77-69A1B02F1567}.Debug|Any CPU.Build.0 = Debug|Any CPU
		{6543E4FB-E1B3-4441-9F77-69A1B02F1567}.Release|Any CPU.ActiveCfg = Release|Any CPU
		{6543E4FB-E1B3-4441-9F77-69A1B02F1567}.Release|Any CPU.Build.0 = Release|Any CPU
		{8F90242C-CC5E-4C3A-B8EF-F03A56D38196}.Debug|Any CPU.ActiveCfg = Debug|Any CPU
		{8F90242C-CC5E-4C3A-B8EF-F03A56D38196}.Debug|Any CPU.Build.0 = Debug|Any CPU
		{8F90242C-CC5E-4C3A-B8EF-F03A56D38196}.Release|Any CPU.ActiveCfg = Release|Any CPU
		{8F90242C-CC5E-4C3A-B8EF-F03A56D38196}.Release|Any CPU.Build.0 = Release|Any CPU
		{7CD0610A-78FD-435C-B3EB-F1743E0AF5B4}.Debug|Any CPU.ActiveCfg = Debug|Any CPU
		{7CD0610A-78FD-435C-B3EB-F1743E0AF5B4}.Debug|Any CPU.Build.0 = Debug|Any CPU
		{7CD0610A-78FD-435C-B3EB-F1743E0AF5B4}.Release|Any CPU.ActiveCfg = Release|Any CPU
		{7CD0610A-78FD-435C-B3EB-F1743E0AF5B4}.Release|Any CPU.Build.0 = Release|Any CPU
		{F45D2867-1085-4190-B071-77A773B4C7EE}.Debug|Any CPU.ActiveCfg = Debug|Any CPU
		{F45D2867-1085-4190-B071-77A773B4C7EE}.Debug|Any CPU.Build.0 = Debug|Any CPU
		{F45D2867-1085-4190-B071-77A773B4C7EE}.Release|Any CPU.ActiveCfg = Release|Any CPU
		{F45D2867-1085-4190-B071-77A773B4C7EE}.Release|Any CPU.Build.0 = Release|Any CPU
		{A835DD60-1EB5-4F62-9135-A009ADA26178}.Debug|Any CPU.ActiveCfg = Debug|Any CPU
		{A835DD60-1EB5-4F62-9135-A009ADA26178}.Debug|Any CPU.Build.0 = Debug|Any CPU
		{A835DD60-1EB5-4F62-9135-A009ADA26178}.Release|Any CPU.ActiveCfg = Release|Any CPU
		{A835DD60-1EB5-4F62-9135-A009ADA26178}.Release|Any CPU.Build.0 = Release|Any CPU
		{86BACB84-CA6D-4240-BED2-0882EBBCFC52}.Debug|Any CPU.ActiveCfg = Debug|Any CPU
		{86BACB84-CA6D-4240-BED2-0882EBBCFC52}.Debug|Any CPU.Build.0 = Debug|Any CPU
		{86BACB84-CA6D-4240-BED2-0882EBBCFC52}.Release|Any CPU.ActiveCfg = Release|Any CPU
		{86BACB84-CA6D-4240-BED2-0882EBBCFC52}.Release|Any CPU.Build.0 = Release|Any CPU
		{F33C6D93-7987-43DF-A688-35AF328ADC69}.Debug|Any CPU.ActiveCfg = Debug|Any CPU
		{F33C6D93-7987-43DF-A688-35AF328ADC69}.Debug|Any CPU.Build.0 = Debug|Any CPU
		{F33C6D93-7987-43DF-A688-35AF328ADC69}.Release|Any CPU.ActiveCfg = Release|Any CPU
		{F33C6D93-7987-43DF-A688-35AF328ADC69}.Release|Any CPU.Build.0 = Release|Any CPU
		{8DFB09BB-7840-4CCE-A935-BF9ACE75F96D}.Debug|Any CPU.ActiveCfg = Debug|Any CPU
		{8DFB09BB-7840-4CCE-A935-BF9ACE75F96D}.Debug|Any CPU.Build.0 = Debug|Any CPU
		{8DFB09BB-7840-4CCE-A935-BF9ACE75F96D}.Release|Any CPU.ActiveCfg = Release|Any CPU
		{8DFB09BB-7840-4CCE-A935-BF9ACE75F96D}.Release|Any CPU.Build.0 = Release|Any CPU
		{4ADF91CC-ACB3-46A3-867F-F7E5B4A6FE6F}.Debug|Any CPU.ActiveCfg = Debug|Any CPU
		{4ADF91CC-ACB3-46A3-867F-F7E5B4A6FE6F}.Debug|Any CPU.Build.0 = Debug|Any CPU
		{4ADF91CC-ACB3-46A3-867F-F7E5B4A6FE6F}.Release|Any CPU.ActiveCfg = Release|Any CPU
		{4ADF91CC-ACB3-46A3-867F-F7E5B4A6FE6F}.Release|Any CPU.Build.0 = Release|Any CPU
		{622515F2-D75A-49E3-8A2F-3E649B0B9B8D}.Debug|Any CPU.ActiveCfg = Debug|Any CPU
		{622515F2-D75A-49E3-8A2F-3E649B0B9B8D}.Debug|Any CPU.Build.0 = Debug|Any CPU
		{622515F2-D75A-49E3-8A2F-3E649B0B9B8D}.Release|Any CPU.ActiveCfg = Release|Any CPU
		{622515F2-D75A-49E3-8A2F-3E649B0B9B8D}.Release|Any CPU.Build.0 = Release|Any CPU
		{070BD461-DCCA-4C4E-8BB0-1BAD78A43F81}.Debug|Any CPU.ActiveCfg = Debug|Any CPU
		{070BD461-DCCA-4C4E-8BB0-1BAD78A43F81}.Debug|Any CPU.Build.0 = Debug|Any CPU
		{070BD461-DCCA-4C4E-8BB0-1BAD78A43F81}.Release|Any CPU.ActiveCfg = Release|Any CPU
		{070BD461-DCCA-4C4E-8BB0-1BAD78A43F81}.Release|Any CPU.Build.0 = Release|Any CPU
		{71F0FA91-9A24-4837-81B7-FCB5F41B3ABB}.Debug|Any CPU.ActiveCfg = Debug|Any CPU
		{71F0FA91-9A24-4837-81B7-FCB5F41B3ABB}.Debug|Any CPU.Build.0 = Debug|Any CPU
		{71F0FA91-9A24-4837-81B7-FCB5F41B3ABB}.Release|Any CPU.ActiveCfg = Release|Any CPU
		{71F0FA91-9A24-4837-81B7-FCB5F41B3ABB}.Release|Any CPU.Build.0 = Release|Any CPU
		{EFD54BA0-07B4-4FF3-84C1-F93FCFB43841}.Debug|Any CPU.ActiveCfg = Debug|Any CPU
		{EFD54BA0-07B4-4FF3-84C1-F93FCFB43841}.Debug|Any CPU.Build.0 = Debug|Any CPU
		{EFD54BA0-07B4-4FF3-84C1-F93FCFB43841}.Release|Any CPU.ActiveCfg = Release|Any CPU
		{EFD54BA0-07B4-4FF3-84C1-F93FCFB43841}.Release|Any CPU.Build.0 = Release|Any CPU
	EndGlobalSection
	GlobalSection(SolutionProperties) = preSolution
		HideSolutionNode = FALSE
	EndGlobalSection
	GlobalSection(ExtensibilityGlobals) = postSolution
		SolutionGuid = {FEDB063E-DA37-4F04-BEF8-3AB03DBDC8F9}
	EndGlobalSection
EndGlobal
